
Microsoft Visual Studio Solution File, Format Version 12.00
# Visual Studio Version 17
VisualStudioVersion = 17.7.34031.279
MinimumVisualStudioVersion = 10.0.40219.1
Project("{FAE04EC0-301F-11D3-BF4B-00C04F79EFBC}") = "Ex04", "Ex04\Ex04.csproj", "{78B9A4C8-A66C-489F-9CC6-B4E82638B160}"
EndProject
Global
	GlobalSection(SolutionConfigurationPlatforms) = preSolution
		Debug|Any CPU = Debug|Any CPU
		Release|Any CPU = Release|Any CPU
	EndGlobalSection
	GlobalSection(ProjectConfigurationPlatforms) = postSolution
		{78B9A4C8-A66C-489F-9CC6-B4E82638B160}.Debug|Any CPU.ActiveCfg = Debug|Any CPU
		{78B9A4C8-A66C-489F-9CC6-B4E82638B160}.Debug|Any CPU.Build.0 = Debug|Any CPU
		{78B9A4C8-A66C-489F-9CC6-B4E82638B160}.Release|Any CPU.ActiveCfg = Release|Any CPU
		{78B9A4C8-A66C-489F-9CC6-B4E82638B160}.Release|Any CPU.Build.0 = Release|Any CPU
	EndGlobalSection
	GlobalSection(SolutionProperties) = preSolution
		HideSolutionNode = FALSE
	EndGlobalSection
	GlobalSection(ExtensibilityGlobals) = postSolution
		SolutionGuid = {CDC10B2A-07F3-4F76-9DD9-DFC17EDE0376}
	EndGlobalSection
EndGlobal
