
Microsoft Visual Studio Solution File, Format Version 12.00
# Visual Studio Version 17
VisualStudioVersion = 17.7.34031.279
MinimumVisualStudioVersion = 10.0.40219.1
Project("{FAE04EC0-301F-11D3-BF4B-00C04F79EFBC}") = "Ex01", "Ex01\Ex01.csproj", "{B9CB5AE8-CEFC-44DB-9418-26456369B9FC}"
EndProject
Global
	GlobalSection(SolutionConfigurationPlatforms) = preSolution
		Debug|Any CPU = Debug|Any CPU
		Release|Any CPU = Release|Any CPU
	EndGlobalSection
	GlobalSection(ProjectConfigurationPlatforms) = postSolution
		{B9CB5AE8-CEFC-44DB-9418-26456369B9FC}.Debug|Any CPU.ActiveCfg = Debug|Any CPU
		{B9CB5AE8-CEFC-44DB-9418-26456369B9FC}.Debug|Any CPU.Build.0 = Debug|Any CPU
		{B9CB5AE8-CEFC-44DB-9418-26456369B9FC}.Release|Any CPU.ActiveCfg = Release|Any CPU
		{B9CB5AE8-CEFC-44DB-9418-26456369B9FC}.Release|Any CPU.Build.0 = Release|Any CPU
	EndGlobalSection
	GlobalSection(SolutionProperties) = preSolution
		HideSolutionNode = FALSE
	EndGlobalSection
	GlobalSection(ExtensibilityGlobals) = postSolution
		SolutionGuid = {415A5C7C-17E9-4097-8928-8D4A6E914633}
	EndGlobalSection
EndGlobal
