
Microsoft Visual Studio Solution File, Format Version 12.00
# Visual Studio Version 17
VisualStudioVersion = 17.7.34031.279
MinimumVisualStudioVersion = 10.0.40219.1
Project("{FAE04EC0-301F-11D3-BF4B-00C04F79EFBC}") = "TopListas", "TopListas.csproj", "{17F3D2CA-7CD0-4DD1-BA6E-4FDE0BD27EF4}"
EndProject
Global
	GlobalSection(SolutionConfigurationPlatforms) = preSolution
		Debug|Any CPU = Debug|Any CPU
		Release|Any CPU = Release|Any CPU
	EndGlobalSection
	GlobalSection(ProjectConfigurationPlatforms) = postSolution
		{17F3D2CA-7CD0-4DD1-BA6E-4FDE0BD27EF4}.Debug|Any CPU.ActiveCfg = Debug|Any CPU
		{17F3D2CA-7CD0-4DD1-BA6E-4FDE0BD27EF4}.Debug|Any CPU.Build.0 = Debug|Any CPU
		{17F3D2CA-7CD0-4DD1-BA6E-4FDE0BD27EF4}.Release|Any CPU.ActiveCfg = Release|Any CPU
		{17F3D2CA-7CD0-4DD1-BA6E-4FDE0BD27EF4}.Release|Any CPU.Build.0 = Release|Any CPU
	EndGlobalSection
	GlobalSection(SolutionProperties) = preSolution
		HideSolutionNode = FALSE
	EndGlobalSection
	GlobalSection(ExtensibilityGlobals) = postSolution
		SolutionGuid = {34E2A065-3B8C-49B0-8F0A-DAD745B6530A}
	EndGlobalSection
EndGlobal
