
Microsoft Visual Studio Solution File, Format Version 12.00
# Visual Studio Version 17
VisualStudioVersion = 17.7.34031.279
MinimumVisualStudioVersion = 10.0.40219.1
Project("{FAE04EC0-301F-11D3-BF4B-00C04F79EFBC}") = "Ex09", "Ex09.csproj", "{D72851B9-73C4-4CCB-8D6F-442FA5DAAFA8}"
EndProject
Global
	GlobalSection(SolutionConfigurationPlatforms) = preSolution
		Debug|Any CPU = Debug|Any CPU
		Release|Any CPU = Release|Any CPU
	EndGlobalSection
	GlobalSection(ProjectConfigurationPlatforms) = postSolution
		{D72851B9-73C4-4CCB-8D6F-442FA5DAAFA8}.Debug|Any CPU.ActiveCfg = Debug|Any CPU
		{D72851B9-73C4-4CCB-8D6F-442FA5DAAFA8}.Debug|Any CPU.Build.0 = Debug|Any CPU
		{D72851B9-73C4-4CCB-8D6F-442FA5DAAFA8}.Release|Any CPU.ActiveCfg = Release|Any CPU
		{D72851B9-73C4-4CCB-8D6F-442FA5DAAFA8}.Release|Any CPU.Build.0 = Release|Any CPU
	EndGlobalSection
	GlobalSection(SolutionProperties) = preSolution
		HideSolutionNode = FALSE
	EndGlobalSection
	GlobalSection(ExtensibilityGlobals) = postSolution
		SolutionGuid = {D79DDB0B-F4F2-4688-8167-308C2E46F6D1}
	EndGlobalSection
EndGlobal
