
Microsoft Visual Studio Solution File, Format Version 12.00
# Visual Studio Version 17
VisualStudioVersion = 17.7.34031.279
MinimumVisualStudioVersion = 10.0.40219.1
Project("{FAE04EC0-301F-11D3-BF4B-00C04F79EFBC}") = "Ex05", "Ex05.csproj", "{C620AFEE-9978-458A-BAC3-9F57D7937A3C}"
EndProject
Global
	GlobalSection(SolutionConfigurationPlatforms) = preSolution
		Debug|Any CPU = Debug|Any CPU
		Release|Any CPU = Release|Any CPU
	EndGlobalSection
	GlobalSection(ProjectConfigurationPlatforms) = postSolution
		{C620AFEE-9978-458A-BAC3-9F57D7937A3C}.Debug|Any CPU.ActiveCfg = Debug|Any CPU
		{C620AFEE-9978-458A-BAC3-9F57D7937A3C}.Debug|Any CPU.Build.0 = Debug|Any CPU
		{C620AFEE-9978-458A-BAC3-9F57D7937A3C}.Release|Any CPU.ActiveCfg = Release|Any CPU
		{C620AFEE-9978-458A-BAC3-9F57D7937A3C}.Release|Any CPU.Build.0 = Release|Any CPU
	EndGlobalSection
	GlobalSection(SolutionProperties) = preSolution
		HideSolutionNode = FALSE
	EndGlobalSection
	GlobalSection(ExtensibilityGlobals) = postSolution
		SolutionGuid = {F7908D7E-9E58-45DA-98E4-B0C8278C8035}
	EndGlobalSection
EndGlobal
